# This file is automatically @generated by Cargo.
# It is not intended for manual editing.
version = 4

[[package]]
name = "cfglib"
version = "0.1.0"

[[package]]
name = "cfglib-dxbc"
version = "0.1.0"
dependencies = [
 "cfglib",
 "dxbc",
]

[[package]]
name = "dxbc"
version = "0.1.0"
source = "git+https://github.com/coconutbird/d3dasm#851872b9eb54e150b71a8c0e684e3f224f0696f6"
dependencies = [
 "memchr",
 "nostdio",
 "smallvec",
]

[[package]]
name = "memchr"
version = "2.8.0"
source = "registry+https://github.com/rust-lang/crates.io-index"
checksum = "f8ca58f447f06ed17d5fc4043ce1b10dd205e060fb3ce5b979b8ed8e59ff3f79"

[[package]]
name = "nostdio"
version = "0.1.0"
source = "registry+https://github.com/rust-lang/crates.io-index"
checksum = "4dd90a73af33ea00621a62c02e1c918457df504135180c959577099f043b9e2e"

[[package]]
name = "smallvec"
version = "1.15.1"
source = "registry+https://github.com/rust-lang/crates.io-index"
checksum = "67b1b7a3b5fe4f1376887184045fcf45c69e92af734b7aaddc05fb777b6fbd03"
